{
  "version": 4,
  "terraform_version": "1.9.8",
  "serial": 1,
  "lineage": "6b7961e7-fc2a-5c6c-5100-21115bf94c0c",
  "outputs": {},
  "resources": [
    {
      "mode": "data",
      "type": "spotify_search_track",
      "name": "eminem",
      "provider": "provider[\"registry.terraform.io/conradludgate/spotify\"]",
      "instances": [
        {
          "schema_version": 0,
          "attributes": {
            "album": null,
            "artist": "Eminem",
            "explicit": true,
            "id": "1731263159",
            "limit": 10,
            "name": null,
            "tracks": [
              {
                "album": "6t7956yu5zYf5A829XRiHC",
                "artists": [
                  "7dGJo4pcD2V6oG8kP0tJRR",
                  "2mpeljBig2IXLXRAFO9AAs"
                ],
                "id": "3UmaczJpikHgJFyBTAJVoz",
                "name": "Stan"
              },
              {
                "album": "1kTlYbs28MXw7hwO0NLYif",
                "artists": [
                  "7dGJo4pcD2V6oG8kP0tJRR"
                ],
                "id": "561jH07mF1jHuk7KlaeF0s",
                "name": "Mockingbird"
              },
              {
                "album": "47BiFcV59TQi2s9SkBo2pb",
                "artists": [
                  "7dGJo4pcD2V6oG8kP0tJRR",
                  "5pKCCKE2ajJHZ9KAiaK11H"
                ],
                "id": "15JINEqzVMv3SvJTAXAKED",
                "name": "Love The Way You Lie"
              },
              {
                "album": "6t7956yu5zYf5A829XRiHC",
                "artists": [
                  "7dGJo4pcD2V6oG8kP0tJRR"
                ],
                "id": "3yfqSUWxFvZELEM4PmlwIR",
                "name": "The Real Slim Shady"
              },
              {
                "album": "4otkd9As6YaxxEkIjXPiZ6",
                "artists": [
                  "7dGJo4pcD2V6oG8kP0tJRR",
                  "4MCBfE4596Uoi2O4DtmEMz"
                ],
                "id": "7FIWs0pqAYbP91WWM0vlTQ",
                "name": "Godzilla (feat. Juice WRLD)"
              },
              {
                "album": "2cWBwpqMsDJC1ZUwz813lo",
                "artists": [
                  "7dGJo4pcD2V6oG8kP0tJRR",
                  "1Oa0bMld0A3u5OTYfMzp5h"
                ],
                "id": "4xkOaSrkexMciUUogZKVTS",
                "name": "Till I Collapse"
              },
              {
                "album": "2cWBwpqMsDJC1ZUwz813lo",
                "artists": [
                  "7dGJo4pcD2V6oG8kP0tJRR"
                ],
                "id": "7lQ8MOhq6IN2w8EYcFNSUk",
                "name": "Without Me"
              },
              {
                "album": "2cWBwpqMsDJC1ZUwz813lo",
                "artists": [
                  "7dGJo4pcD2V6oG8kP0tJRR",
                  "5jNmxPYz8QE5rYp4GDil8t"
                ],
                "id": "4woTEX1wYOTGDqNXuavlRC",
                "name": "Superman"
              },
              {
                "album": "6kzoWb4UzvKYgbDfAwgaFq",
                "artists": [
                  "0z4gvV4rjIZ9wHck67ucSV",
                  "7dGJo4pcD2V6oG8kP0tJRR"
                ],
                "id": "2kQuhkFX7uSVepCD3h29g5",
                "name": "Smack That"
              },
              {
                "album": "1rfORa9iYmocEsnnZGMVC4",
                "artists": [
                  "7dGJo4pcD2V6oG8kP0tJRR"
                ],
                "id": "1v7L65Lzy0j0vdpRjJewt1",
                "name": "Lose Yourself"
              }
            ],
            "year": null
          },
          "sensitive_attributes": []
        }
      ]
    },
    {
      "mode": "managed",
      "type": "spotify_playlist",
      "name": "SlimShady",
      "provider": "provider[\"registry.terraform.io/conradludgate/spotify\"]",
      "instances": [
        {
          "schema_version": 0,
          "attributes": {
            "description": null,
            "id": "64aYKXC5PxZjtZcVr5E7X3",
            "name": "Slim Shady",
            "public": true,
            "snapshot_id": "AAAAAlm/6amcyRyhZkW5YuutdT6M1fgK",
            "tracks": [
              "3UmaczJpikHgJFyBTAJVoz",
              "561jH07mF1jHuk7KlaeF0s",
              "15JINEqzVMv3SvJTAXAKED",
              "3yfqSUWxFvZELEM4PmlwIR",
              "7FIWs0pqAYbP91WWM0vlTQ",
              "4xkOaSrkexMciUUogZKVTS",
              "7lQ8MOhq6IN2w8EYcFNSUk",
              "4woTEX1wYOTGDqNXuavlRC",
              "2kQuhkFX7uSVepCD3h29g5",
              "1v7L65Lzy0j0vdpRjJewt1"
            ]
          },
          "sensitive_attributes": [],
          "private": "bnVsbA==",
          "dependencies": [
            "data.spotify_search_track.eminem"
          ]
        }
      ]
    }
  ],
  "check_results": null
}
